PODS:
  - FeedKit (8.1.1)
  - GSImageViewerController (1.5.2)
  - MGFeedKit (0.1.0):
    - FeedKit (~> 8.0)
    - GSImageViewerController
    - SDWebImage
    - SwiftSoup
  - SDWebImage (4.4.6):
    - SDWebImage/Core (= 4.4.6)
  - SDWebImage/Core (4.4.6)
  - SwiftSoup (1.7.4)

DEPENDENCIES:
  - FeedKit (~> 8.0)
  - GSImageViewerController
  - MGFeedKit (from `../`)
  - SDWebImage
  - SwiftSoup

SPEC REPOS:
  https://github.com/cocoapods/specs.git:
    - FeedKit
    - GSImageViewerController
    - SDWebImage
    - SwiftSoup

EXTERNAL SOURCES:
  MGFeedKit:
    :path: "../"

SPEC CHECKSUMS:
  FeedKit: 3418eed25f0b493b205b4de1b8511ac21d413fa9
  GSImageViewerController: 010a2754686462c3e3085a85005d7c83ba96317e
  MGFeedKit: df40a6a7176bc8d1bb8353addeb8c8eceb70c2f8
  SDWebImage: 3f3f0c02f09798048c47a5ed0a13f17b063572d8
  SwiftSoup: 92f5b348c131aed8af04f4326db1579ab19fa08c

PODFILE CHECKSUM: bdafd1b7fae73f58c02eb89cad26a3388c6c62ac

COCOAPODS: 1.6.1
